
Microsoft Visual Studio Solution File, Format Version 12.00
# Visual Studio 15
VisualStudioVersion = 15.0.27428.2037
MinimumVisualStudioVersion = 10.0.40219.1
Project("{FAE04EC0-301F-11D3-BF4B-00C04F79EFBC}") = "RoyT.TrueType", "RoyT.TrueType\RoyT.TrueType.csproj", "{4008BF29-9A6C-424C-978D-1F7BF3DBEE65}"
EndProject
Global
	GlobalSection(SolutionConfigurationPlatforms) = preSolution
		Debug|Any CPU = Debug|Any CPU
		Release|Any CPU = Release|Any CPU
	EndGlobalSection
	GlobalSection(ProjectConfigurationPlatforms) = postSolution
		{4008BF29-9A6C-424C-978D-1F7BF3DBEE65}.Debug|Any CPU.ActiveCfg = Debug|Any CPU
		{4008BF29-9A6C-424C-978D-1F7BF3DBEE65}.Debug|Any CPU.Build.0 = Debug|Any CPU
		{4008BF29-9A6C-424C-978D-1F7BF3DBEE65}.Release|Any CPU.ActiveCfg = Release|Any CPU
		{4008BF29-9A6C-424C-978D-1F7BF3DBEE65}.Release|Any CPU.Build.0 = Release|Any CPU
	EndGlobalSection
	GlobalSection(SolutionProperties) = preSolution
		HideSolutionNode = FALSE
	EndGlobalSection
	GlobalSection(ExtensibilityGlobals) = postSolution
		SolutionGuid = {D9F6E833-B6C9-48FA-888D-5979403AAAE2}
	EndGlobalSection
EndGlobal
