
Microsoft Visual Studio Solution File, Format Version 12.00
# Visual Studio 15
VisualStudioVersion = 15.0.27428.2037
MinimumVisualStudioVersion = 10.0.40219.1
Project("{FAE04EC0-301F-11D3-BF4B-00C04F79EFBC}") = "RoyT.TrueType.Tests", "RoyT.TrueType.Tests\RoyT.TrueType.Tests.csproj", "{4F494AFB-C57A-4CAA-8AD4-9C93BA76267B}"
EndProject
Project("{FAE04EC0-301F-11D3-BF4B-00C04F79EFBC}") = "RoyT.TrueType", "RoyT.TrueType\RoyT.TrueType.csproj", "{FBB8C11A-9BA6-4A6A-97BC-76D42571960A}"
EndProject
Project("{2150E333-8FDC-42A3-9474-1A3956D46DE8}") = "Solution Items", "Solution Items", "{A8807A6F-A4F7-48A2-A070-C98B5B423286}"
	ProjectSection(SolutionItems) = preProject
		LICENSE = LICENSE
		README.md = README.md
	EndProjectSection
EndProject
Global
	GlobalSection(SolutionConfigurationPlatforms) = preSolution
		Debug|Any CPU = Debug|Any CPU
		Release|Any CPU = Release|Any CPU
	EndGlobalSection
	GlobalSection(ProjectConfigurationPlatforms) = postSolution
		{4F494AFB-C57A-4CAA-8AD4-9C93BA76267B}.Debug|Any CPU.ActiveCfg = Debug|Any CPU
		{4F494AFB-C57A-4CAA-8AD4-9C93BA76267B}.Debug|Any CPU.Build.0 = Debug|Any CPU
		{4F494AFB-C57A-4CAA-8AD4-9C93BA76267B}.Release|Any CPU.ActiveCfg = Release|Any CPU
		{4F494AFB-C57A-4CAA-8AD4-9C93BA76267B}.Release|Any CPU.Build.0 = Release|Any CPU
		{FBB8C11A-9BA6-4A6A-97BC-76D42571960A}.Debug|Any CPU.ActiveCfg = Debug|Any CPU
		{FBB8C11A-9BA6-4A6A-97BC-76D42571960A}.Debug|Any CPU.Build.0 = Debug|Any CPU
		{FBB8C11A-9BA6-4A6A-97BC-76D42571960A}.Release|Any CPU.ActiveCfg = Release|Any CPU
		{FBB8C11A-9BA6-4A6A-97BC-76D42571960A}.Release|Any CPU.Build.0 = Release|Any CPU
	EndGlobalSection
	GlobalSection(SolutionProperties) = preSolution
		HideSolutionNode = FALSE
	EndGlobalSection
	GlobalSection(ExtensibilityGlobals) = postSolution
		SolutionGuid = {D9F6E833-B6C9-48FA-888D-5979403AAAE2}
	EndGlobalSection
EndGlobal
